
Microsoft Visual Studio Solution File, Format Version 12.00
# Visual Studio Version 17
VisualStudioVersion = 17.0.31903.59
MinimumVisualStudioVersion = 10.0.40219.1
Project("{FAE04EC0-301F-11D3-BF4B-00C04F79EFBC}") = "DDD.Domain", "DDD.Domain\DDD.Domain.csproj", "{0157DFFA-62E8-488E-9F7C-13C6529C35D7}"
EndProject
Project("{FAE04EC0-301F-11D3-BF4B-00C04F79EFBC}") = "DDD.Console", "DDD.Console\DDD.Console.csproj", "{61CF951D-F383-4799-B380-0C45F3EE5F8F}"
EndProject
Project("{FAE04EC0-301F-11D3-BF4B-00C04F79EFBC}") = "DDD.Test", "DDD.Test\DDD.Test.csproj", "{4F7DAC8D-B7CA-44B1-BBF1-456181146EB8}"
EndProject
Project("{FAE04EC0-301F-11D3-BF4B-00C04F79EFBC}") = "DDD.Persistance", "DDD.Persistance\DDD.Persistance.csproj", "{AC96D005-D5FC-4030-9077-C3E21B8D0070}"
EndProject
Global
	GlobalSection(SolutionConfigurationPlatforms) = preSolution
		Debug|Any CPU = Debug|Any CPU
		Release|Any CPU = Release|Any CPU
	EndGlobalSection
	GlobalSection(SolutionProperties) = preSolution
		HideSolutionNode = FALSE
	EndGlobalSection
	GlobalSection(ProjectConfigurationPlatforms) = postSolution
		{0157DFFA-62E8-488E-9F7C-13C6529C35D7}.Debug|Any CPU.ActiveCfg = Debug|Any CPU
		{0157DFFA-62E8-488E-9F7C-13C6529C35D7}.Debug|Any CPU.Build.0 = Debug|Any CPU
		{0157DFFA-62E8-488E-9F7C-13C6529C35D7}.Release|Any CPU.ActiveCfg = Release|Any CPU
		{0157DFFA-62E8-488E-9F7C-13C6529C35D7}.Release|Any CPU.Build.0 = Release|Any CPU
		{61CF951D-F383-4799-B380-0C45F3EE5F8F}.Debug|Any CPU.ActiveCfg = Debug|Any CPU
		{61CF951D-F383-4799-B380-0C45F3EE5F8F}.Debug|Any CPU.Build.0 = Debug|Any CPU
		{61CF951D-F383-4799-B380-0C45F3EE5F8F}.Release|Any CPU.ActiveCfg = Release|Any CPU
		{61CF951D-F383-4799-B380-0C45F3EE5F8F}.Release|Any CPU.Build.0 = Release|Any CPU
		{4F7DAC8D-B7CA-44B1-BBF1-456181146EB8}.Debug|Any CPU.ActiveCfg = Debug|Any CPU
		{4F7DAC8D-B7CA-44B1-BBF1-456181146EB8}.Debug|Any CPU.Build.0 = Debug|Any CPU
		{4F7DAC8D-B7CA-44B1-BBF1-456181146EB8}.Release|Any CPU.ActiveCfg = Release|Any CPU
		{4F7DAC8D-B7CA-44B1-BBF1-456181146EB8}.Release|Any CPU.Build.0 = Release|Any CPU
		{AC96D005-D5FC-4030-9077-C3E21B8D0070}.Debug|Any CPU.ActiveCfg = Debug|Any CPU
		{AC96D005-D5FC-4030-9077-C3E21B8D0070}.Debug|Any CPU.Build.0 = Debug|Any CPU
		{AC96D005-D5FC-4030-9077-C3E21B8D0070}.Release|Any CPU.ActiveCfg = Release|Any CPU
		{AC96D005-D5FC-4030-9077-C3E21B8D0070}.Release|Any CPU.Build.0 = Release|Any CPU
	EndGlobalSection
EndGlobal
